<?xml version="1.0" encoding="utf-8"?>
<Project ToolsVersion="4.0" xmlns="http://schemas.microsoft.com/developer/msbuild/2003">
  <ItemGroup>
    <Filter Include="Source Files">
      <UniqueIdentifier>{4FC737F1-C7A5-4376-A066-2A32D752A2FF}</UniqueIdentifier>
      <Extensions>cpp;c;cc;cxx;def;odl;idl;hpj;bat;asm;asmx</Extensions>
    </Filter>
    <Filter Include="Header Files">
      <UniqueIdentifier>{93995380-89BD-4b04-88EB-625FBE52EBFB}</UniqueIdentifier>
      <Extensions>h;hh;hpp;hxx;hm;inl;inc;xsd</Extensions>
    </Filter>
    <Filter Include="Resource Files">
      <UniqueIdentifier>{67DA6AB6-F800-4c08-8B7A-83BB121AAD01}</UniqueIdentifier>
      <Extensions>rc;ico;cur;bmp;dlg;rc2;rct;bin;rgs;gif;jpg;jpeg;jpe;resx;tiff;tif;png;wav</Extensions>
    </Filter>
  </ItemGroup>
  <ItemGroup>
    <ClCompile Include="charmap.cpp">
      <Filter>Source Files</Filter>
    </ClCompile>
    <ClCompile Include="dispvars.cpp">
      <Filter>Source Files</Filter>
    </ClCompile>
    <ClCompile Include="dwordmap.cpp">
      <Filter>Source Files</Filter>
    </ClCompile>
    <ClCompile Include="Exportdl.cpp">
      <Filter>Source Files</Filter>
    </ClCompile>
    <ClCompile Include="gdmenu.cpp">
      <Filter>Source Files</Filter>
    </ClCompile>
    <ClCompile Include="Gdocfile.cpp">
      <Filter>Source Files</Filter>
    </ClCompile>
    <ClCompile Include="Genbank.cpp">
      <Filter>Source Files</Filter>
    </ClCompile>
    <ClCompile Include="Genechi.cpp">
      <Filter>Source Files</Filter>
    </ClCompile>
    <ClCompile Include="Gprowvw.cpp">
      <Filter>Source Files</Filter>
    </ClCompile>
    <ClCompile Include="gpsumvw.cpp">
      <Filter>Source Files</Filter>
    </ClCompile>
    <ClCompile Include="Gsegment.cpp">
      <Filter>Source Files</Filter>
    </ClCompile>
    <ClCompile Include="Gsfiller.cpp">
      <Filter>Source Files</Filter>
    </ClCompile>
    <ClCompile Include="Gstring.cpp">
      <Filter>Source Files</Filter>
    </ClCompile>
    <ClCompile Include="gvefill.cpp">
      <Filter>Source Files</Filter>
    </ClCompile>
    <ClCompile Include="Gvelead.cpp">
      <Filter>Source Files</Filter>
    </ClCompile>
    <ClCompile Include="Gvetail.cpp">
      <Filter>Source Files</Filter>
    </ClCompile>
    <ClCompile Include="Gvsum.cpp">
      <Filter>Source Files</Filter>
    </ClCompile>
    <ClCompile Include="Heapsort.cpp">
      <Filter>Source Files</Filter>
    </ClCompile>
    <ClCompile Include="Mainfrm.cpp">
      <Filter>Source Files</Filter>
    </ClCompile>
    <ClCompile Include="Msffile.cpp">
      <Filter>Source Files</Filter>
    </ClCompile>
    <ClCompile Include="Mycaret.cpp">
      <Filter>Source Files</Filter>
    </ClCompile>
    <ClCompile Include="Pictfile.cpp">
      <Filter>Source Files</Filter>
    </ClCompile>
    <ClCompile Include="Plex.cpp">
      <Filter>Source Files</Filter>
    </ClCompile>
    <ClCompile Include="Prints.cpp">
      <Filter>Source Files</Filter>
    </ClCompile>
    <ClCompile Include="Propsht.cpp">
      <Filter>Source Files</Filter>
    </ClCompile>
    <ClCompile Include="Rtffile.cpp">
      <Filter>Source Files</Filter>
    </ClCompile>
    <ClCompile Include="Selarrse.cpp">
      <Filter>Source Files</Filter>
    </ClCompile>
    <ClCompile Include="Seqfile.cpp">
      <Filter>Source Files</Filter>
    </ClCompile>
    <ClCompile Include="Setudef.cpp">
      <Filter>Source Files</Filter>
    </ClCompile>
    <ClCompile Include="Stdafx.cpp">
      <Filter>Source Files</Filter>
    </ClCompile>
    <ClCompile Include="Sumcaret.cpp">
      <Filter>Source Files</Filter>
    </ClCompile>
    <ClCompile Include="sumview.cpp">
      <Filter>Source Files</Filter>
    </ClCompile>
    <ClCompile Include="Textview.cpp">
      <Filter>Source Files</Filter>
    </ClCompile>
    <ClCompile Include="Genethon.cpp">
      <Filter>Source Files</Filter>
    </ClCompile>
    <ClCompile Include="genetdoc.cpp">
      <Filter>Source Files</Filter>
    </ClCompile>
    <ClCompile Include="GraphWindow.cpp">
      <Filter>Source Files</Filter>
    </ClCompile>
    <ClCompile Include="GraphSetup.cpp">
      <Filter>Source Files</Filter>
    </ClCompile>
    <ClCompile Include="Displayp.cpp">
      <Filter>Source Files</Filter>
    </ClCompile>
    <ClCompile Include="Gvedit.cpp">
      <Filter>Source Files</Filter>
    </ClCompile>
    <ClCompile Include="Filedef.cpp">
      <Filter>Source Files</Filter>
    </ClCompile>
    <ClCompile Include="GenethonView.cpp">
      <Filter>Source Files</Filter>
    </ClCompile>
  </ItemGroup>
  <ItemGroup>
    <None Include="GENETHON.DEF">
      <Filter>Source Files</Filter>
    </None>
    <None Include="res\GeneThon.rc2">
      <Filter>Resource Files</Filter>
    </None>
  </ItemGroup>
  <ItemGroup>
    <ClInclude Include="Charmap.h">
      <Filter>Header Files</Filter>
    </ClInclude>
    <ClInclude Include="Displayp.h">
      <Filter>Header Files</Filter>
    </ClInclude>
    <ClInclude Include="Dispvars.h">
      <Filter>Header Files</Filter>
    </ClInclude>
    <ClInclude Include="Drawstc.h">
      <Filter>Header Files</Filter>
    </ClInclude>
    <ClInclude Include="Dwordmap.h">
      <Filter>Header Files</Filter>
    </ClInclude>
    <ClInclude Include="Exportdl.h">
      <Filter>Header Files</Filter>
    </ClInclude>
    <ClInclude Include="Genbank.h">
      <Filter>Header Files</Filter>
    </ClInclude>
    <ClInclude Include="Genechi.h">
      <Filter>Header Files</Filter>
    </ClInclude>
    <ClInclude Include="Genestor.h">
      <Filter>Header Files</Filter>
    </ClInclude>
    <ClInclude Include="Gprowvw.h">
      <Filter>Header Files</Filter>
    </ClInclude>
    <ClInclude Include="Gpsumvw.h">
      <Filter>Header Files</Filter>
    </ClInclude>
    <ClInclude Include="Gsbase.h">
      <Filter>Header Files</Filter>
    </ClInclude>
    <ClInclude Include="Gsegment.h">
      <Filter>Header Files</Filter>
    </ClInclude>
    <ClInclude Include="Gsfiller.h">
      <Filter>Header Files</Filter>
    </ClInclude>
    <ClInclude Include="Gstring.h">
      <Filter>Header Files</Filter>
    </ClInclude>
    <ClInclude Include="Gvbase.h">
      <Filter>Header Files</Filter>
    </ClInclude>
    <ClInclude Include="Gvefill.h">
      <Filter>Header Files</Filter>
    </ClInclude>
    <ClInclude Include="Gvelead.h">
      <Filter>Header Files</Filter>
    </ClInclude>
    <ClInclude Include="Gvetail.h">
      <Filter>Header Files</Filter>
    </ClInclude>
    <ClInclude Include="Gvsum.h">
      <Filter>Header Files</Filter>
    </ClInclude>
    <ClInclude Include="Mainfrm.h">
      <Filter>Header Files</Filter>
    </ClInclude>
    <ClInclude Include="Mycaret.h">
      <Filter>Header Files</Filter>
    </ClInclude>
    <ClInclude Include="Pictfile.h">
      <Filter>Header Files</Filter>
    </ClInclude>
    <ClInclude Include="Plex.h">
      <Filter>Header Files</Filter>
    </ClInclude>
    <ClInclude Include="Prints.h">
      <Filter>Header Files</Filter>
    </ClInclude>
    <ClInclude Include="Propsht.h">
      <Filter>Header Files</Filter>
    </ClInclude>
    <ClInclude Include="Rtffile.h">
      <Filter>Header Files</Filter>
    </ClInclude>
    <ClInclude Include="Segnames.h">
      <Filter>Header Files</Filter>
    </ClInclude>
    <ClInclude Include="Selarrse.h">
      <Filter>Header Files</Filter>
    </ClInclude>
    <ClInclude Include="Shadeps.h">
      <Filter>Header Files</Filter>
    </ClInclude>
    <ClInclude Include="Stdafx.h">
      <Filter>Header Files</Filter>
    </ClInclude>
    <ClInclude Include="Sumcaret.h">
      <Filter>Header Files</Filter>
    </ClInclude>
    <ClInclude Include="Sumview.h">
      <Filter>Header Files</Filter>
    </ClInclude>
    <ClInclude Include="Sviewret.h">
      <Filter>Header Files</Filter>
    </ClInclude>
    <ClInclude Include="Textview.h">
      <Filter>Header Files</Filter>
    </ClInclude>
    <ClInclude Include="Usermess.h">
      <Filter>Header Files</Filter>
    </ClInclude>
    <ClInclude Include="Uservars.h">
      <Filter>Header Files</Filter>
    </ClInclude>
    <ClInclude Include="GeneThon.h">
      <Filter>Header Files</Filter>
    </ClInclude>
    <ClInclude Include="genetdoc.h">
      <Filter>Header Files</Filter>
    </ClInclude>
    <ClInclude Include="GraphWindow.h">
      <Filter>Header Files</Filter>
    </ClInclude>
    <ClInclude Include="GraphSetup.h">
      <Filter>Header Files</Filter>
    </ClInclude>
    <ClInclude Include="Gvedit.h">
      <Filter>Header Files</Filter>
    </ClInclude>
    <ClInclude Include="resource.h">
      <Filter>Header Files</Filter>
    </ClInclude>
    <ClInclude Include="GenethonView.h">
      <Filter>Header Files</Filter>
    </ClInclude>
  </ItemGroup>
  <ItemGroup>
    <ResourceCompile Include="GeneThon.rc">
      <Filter>Resource Files</Filter>
    </ResourceCompile>
  </ItemGroup>
  <ItemGroup>
    <Image Include="RES\GENETHON.ICO">
      <Filter>Resource Files</Filter>
    </Image>
    <Image Include="RES\GENEDTHON.ICO">
      <Filter>Resource Files</Filter>
    </Image>
    <Image Include="RES\TOOLBAR.BMP">
      <Filter>Resource Files</Filter>
    </Image>
    <Image Include="RES\MEBITU.BMP">
      <Filter>Resource Files</Filter>
    </Image>
    <Image Include="RES\GENETHONU.BMP">
      <Filter>Resource Files</Filter>
    </Image>
    <Image Include="RES\GENEBAR.BMP">
      <Filter>Resource Files</Filter>
    </Image>
    <Image Include="RES\INLOVE.BMP">
      <Filter>Resource Files</Filter>
    </Image>
    <Image Include="RES\SMLOGO.BMP">
      <Filter>Resource Files</Filter>
    </Image>
  </ItemGroup>
</Project>