<?xml version="1.0" encoding="utf-8"?>
<Project ToolsVersion="4.0" xmlns="http://schemas.microsoft.com/developer/msbuild/2003">
  <ItemGroup>
    <Filter Include="Source Files">
      <UniqueIdentifier>{4FC737F1-C7A5-4376-A066-2A32D752A2FF}</UniqueIdentifier>
      <Extensions>cpp;c;cc;cxx;def;odl;idl;hpj;bat;asm;asmx</Extensions>
    </Filter>
    <Filter Include="Header Files">
      <UniqueIdentifier>{93995380-89BD-4b04-88EB-625FBE52EBFB}</UniqueIdentifier>
      <Extensions>h;hh;hpp;hxx;hm;inl;inc;xsd</Extensions>
    </Filter>
    <Filter Include="Resource Files">
      <UniqueIdentifier>{67DA6AB6-F800-4c08-8B7A-83BB121AAD01}</UniqueIdentifier>
      <Extensions>rc;ico;cur;bmp;dlg;rc2;rct;bin;rgs;gif;jpg;jpeg;jpe;resx;tiff;tif;png;wav</Extensions>
    </Filter>
  </ItemGroup>
  <ItemGroup>
    <ClCompile Include="Aligndlg.cpp">
      <Filter>Source Files</Filter>
    </ClCompile>
    <ClCompile Include="autochem.cpp">
      <Filter>Source Files</Filter>
    </ClCompile>
    <ClCompile Include="autocons.cpp">
      <Filter>Source Files</Filter>
    </ClCompile>
    <ClCompile Include="autocont.cpp">
      <Filter>Source Files</Filter>
    </ClCompile>
    <ClCompile Include="autodiff.cpp">
      <Filter>Source Files</Filter>
    </ClCompile>
    <ClCompile Include="autodna.cpp">
      <Filter>Source Files</Filter>
    </ClCompile>
    <ClCompile Include="autogcon.cpp">
      <Filter>Source Files</Filter>
    </ClCompile>
    <ClCompile Include="autolog.cpp">
      <Filter>Source Files</Filter>
    </ClCompile>
    <ClCompile Include="autopcr.cpp">
      <Filter>Source Files</Filter>
    </ClCompile>
    <ClCompile Include="autoprop.cpp">
      <Filter>Source Files</Filter>
    </ClCompile>
    <ClCompile Include="autoquan.cpp">
      <Filter>Source Files</Filter>
    </ClCompile>
    <ClCompile Include="Autoshad.cpp">
      <Filter>Source Files</Filter>
    </ClCompile>
    <ClCompile Include="autosim.cpp">
      <Filter>Source Files</Filter>
    </ClCompile>
    <ClCompile Include="autosrch.cpp">
      <Filter>Source Files</Filter>
    </ClCompile>
    <ClCompile Include="autostc.cpp">
      <Filter>Source Files</Filter>
    </ClCompile>
    <ClCompile Include="charmap.cpp">
      <Filter>Source Files</Filter>
    </ClCompile>
    <ClCompile Include="chemprop.cpp">
      <Filter>Source Files</Filter>
    </ClCompile>
    <ClCompile Include="colorbar.cpp">
      <Filter>Source Files</Filter>
    </ClCompile>
    <ClCompile Include="Confiden.cpp">
      <Filter>Source Files</Filter>
    </ClCompile>
    <ClCompile Include="Cscored.cpp">
      <Filter>Source Files</Filter>
    </ClCompile>
    <ClCompile Include="Cstcpdlg.cpp">
      <Filter>Source Files</Filter>
    </ClCompile>
    <ClCompile Include="Dispgnm.cpp">
      <Filter>Source Files</Filter>
    </ClCompile>
    <ClCompile Include="displayp.cpp">
      <Filter>Source Files</Filter>
    </ClCompile>
    <ClCompile Include="dispvars.cpp">
      <Filter>Source Files</Filter>
    </ClCompile>
    <ClCompile Include="dnatrans.cpp">
      <Filter>Source Files</Filter>
    </ClCompile>
    <ClCompile Include="dstasco.cpp">
      <Filter>Source Files</Filter>
    </ClCompile>
    <ClCompile Include="dstatchi.cpp">
      <Filter>Source Files</Filter>
    </ClCompile>
    <ClCompile Include="DStatOb.cpp">
      <Filter>Source Files</Filter>
    </ClCompile>
    <ClCompile Include="dwordmap.cpp">
      <Filter>Source Files</Filter>
    </ClCompile>
    <ClCompile Include="Exportdl.cpp">
      <Filter>Source Files</Filter>
    </ClCompile>
    <ClCompile Include="filedef.cpp">
      <Filter>Source Files</Filter>
    </ClCompile>
    <ClCompile Include="Finddlg.cpp">
      <Filter>Source Files</Filter>
    </ClCompile>
    <ClCompile Include="Findrepl.cpp">
      <Filter>Source Files</Filter>
    </ClCompile>
    <ClCompile Include="gdmenu.cpp">
      <Filter>Source Files</Filter>
    </ClCompile>
    <ClCompile Include="Gdocfile.cpp">
      <Filter>Source Files</Filter>
    </ClCompile>
    <ClCompile Include="gdsrch.cpp">
      <Filter>Source Files</Filter>
    </ClCompile>
    <ClCompile Include="Genbank.cpp">
      <Filter>Source Files</Filter>
    </ClCompile>
    <ClCompile Include="Genechi.cpp">
      <Filter>Source Files</Filter>
    </ClCompile>
    <ClCompile Include="genedvw.cpp">
      <Filter>Source Files</Filter>
    </ClCompile>
    <ClCompile Include="Gprowvw.cpp">
      <Filter>Source Files</Filter>
    </ClCompile>
    <ClCompile Include="gpsumvw.cpp">
      <Filter>Source Files</Filter>
    </ClCompile>
    <ClCompile Include="GraphStp.cpp">
      <Filter>Source Files</Filter>
    </ClCompile>
    <ClCompile Include="Groupsel.cpp">
      <Filter>Source Files</Filter>
    </ClCompile>
    <ClCompile Include="Grpprop.cpp">
      <Filter>Source Files</Filter>
    </ClCompile>
    <ClCompile Include="grppsht.cpp">
      <Filter>Source Files</Filter>
    </ClCompile>
    <ClCompile Include="Gsegment.cpp">
      <Filter>Source Files</Filter>
    </ClCompile>
    <ClCompile Include="Gsfiller.cpp">
      <Filter>Source Files</Filter>
    </ClCompile>
    <ClCompile Include="Gstring.cpp">
      <Filter>Source Files</Filter>
    </ClCompile>
    <ClCompile Include="Gvedit.cpp">
      <Filter>Source Files</Filter>
    </ClCompile>
    <ClCompile Include="gvefill.cpp">
      <Filter>Source Files</Filter>
    </ClCompile>
    <ClCompile Include="Gvelead.cpp">
      <Filter>Source Files</Filter>
    </ClCompile>
    <ClCompile Include="Gvetail.cpp">
      <Filter>Source Files</Filter>
    </ClCompile>
    <ClCompile Include="Gvsum.cpp">
      <Filter>Source Files</Filter>
    </ClCompile>
    <ClCompile Include="Heapsort.cpp">
      <Filter>Source Files</Filter>
    </ClCompile>
    <ClCompile Include="Htmlfile.cpp">
      <Filter>Source Files</Filter>
    </ClCompile>
    <ClCompile Include="Htmlpicd.cpp">
      <Filter>Source Files</Filter>
    </ClCompile>
    <ClCompile Include="Importty.cpp">
      <Filter>Source Files</Filter>
    </ClCompile>
    <ClCompile Include="Logdlg.cpp">
      <Filter>Source Files</Filter>
    </ClCompile>
    <ClCompile Include="Logodds.cpp">
      <Filter>Source Files</Filter>
    </ClCompile>
    <ClCompile Include="Logsco.cpp">
      <Filter>Source Files</Filter>
    </ClCompile>
    <ClCompile Include="Mainfrm.cpp">
      <Filter>Source Files</Filter>
    </ClCompile>
    <ClCompile Include="Manrep.cpp">
      <Filter>Source Files</Filter>
    </ClCompile>
    <ClCompile Include="Motseqdl.cpp">
      <Filter>Source Files</Filter>
    </ClCompile>
    <ClCompile Include="Msffile.cpp">
      <Filter>Source Files</Filter>
    </ClCompile>
    <ClCompile Include="Mycaret.cpp">
      <Filter>Source Files</Filter>
    </ClCompile>
    <ClCompile Include="Pairwise.cpp">
      <Filter>Source Files</Filter>
    </ClCompile>
    <ClCompile Include="Pdbdialo.cpp">
      <Filter>Source Files</Filter>
    </ClCompile>
    <ClCompile Include="Pictfile.cpp">
      <Filter>Source Files</Filter>
    </ClCompile>
    <ClCompile Include="Plex.cpp">
      <Filter>Source Files</Filter>
    </ClCompile>
    <ClCompile Include="Prints.cpp">
      <Filter>Source Files</Filter>
    </ClCompile>
    <ClCompile Include="Proped.cpp">
      <Filter>Source Files</Filter>
    </ClCompile>
    <ClCompile Include="Property.cpp">
      <Filter>Source Files</Filter>
    </ClCompile>
    <ClCompile Include="Propgp.cpp">
      <Filter>Source Files</Filter>
    </ClCompile>
    <ClCompile Include="Propsht.cpp">
      <Filter>Source Files</Filter>
    </ClCompile>
    <ClCompile Include="Pwalign.cpp">
      <Filter>Source Files</Filter>
    </ClCompile>
    <ClCompile Include="Refiltdl.cpp">
      <Filter>Source Files</Filter>
    </ClCompile>
    <ClCompile Include="Repdlg.cpp">
      <Filter>Source Files</Filter>
    </ClCompile>
    <ClCompile Include="Rescore.cpp">
      <Filter>Source Files</Filter>
    </ClCompile>
    <ClCompile Include="Rtffile.cpp">
      <Filter>Source Files</Filter>
    </ClCompile>
    <ClCompile Include="scofile.cpp">
      <Filter>Source Files</Filter>
    </ClCompile>
    <ClCompile Include="Score.cpp">
      <Filter>Source Files</Filter>
    </ClCompile>
    <ClCompile Include="Scorecan.cpp">
      <Filter>Source Files</Filter>
    </ClCompile>
    <ClCompile Include="Scoring.cpp">
      <Filter>Source Files</Filter>
    </ClCompile>
    <ClCompile Include="Searchdl.cpp">
      <Filter>Source Files</Filter>
    </ClCompile>
    <ClCompile Include="Selarrse.cpp">
      <Filter>Source Files</Filter>
    </ClCompile>
    <ClCompile Include="Selproje.cpp">
      <Filter>Source Files</Filter>
    </ClCompile>
    <ClCompile Include="Seqdetdi.cpp">
      <Filter>Source Files</Filter>
    </ClCompile>
    <ClCompile Include="Seqfile.cpp">
      <Filter>Source Files</Filter>
    </ClCompile>
    <ClCompile Include="Seqinp.cpp">
      <Filter>Source Files</Filter>
    </ClCompile>
    <ClCompile Include="Seqseldl.cpp">
      <Filter>Source Files</Filter>
    </ClCompile>
    <ClCompile Include="Setudef.cpp">
      <Filter>Source Files</Filter>
    </ClCompile>
    <ClCompile Include="Shadeedi.cpp">
      <Filter>Source Files</Filter>
    </ClCompile>
    <ClCompile Include="Shademp.cpp">
      <Filter>Source Files</Filter>
    </ClCompile>
    <ClCompile Include="Showtabl.cpp">
      <Filter>Source Files</Filter>
    </ClCompile>
    <ClCompile Include="Sortmat.cpp">
      <Filter>Source Files</Filter>
    </ClCompile>
    <ClCompile Include="Srchdlg.cpp">
      <Filter>Source Files</Filter>
    </ClCompile>
    <ClCompile Include="Srchrepd.cpp">
      <Filter>Source Files</Filter>
    </ClCompile>
    <ClCompile Include="statfile.cpp">
      <Filter>Source Files</Filter>
    </ClCompile>
    <ClCompile Include="stc.cpp">
      <Filter>Source Files</Filter>
    </ClCompile>
    <ClCompile Include="Stcdatad.cpp">
      <Filter>Source Files</Filter>
    </ClCompile>
    <ClCompile Include="Stcgrp.cpp">
      <Filter>Source Files</Filter>
    </ClCompile>
    <ClCompile Include="Stdafx.cpp">
      <Filter>Source Files</Filter>
    </ClCompile>
    <ClCompile Include="Sumcaret.cpp">
      <Filter>Source Files</Filter>
    </ClCompile>
    <ClCompile Include="sumview.cpp">
      <Filter>Source Files</Filter>
    </ClCompile>
    <ClCompile Include="Textview.cpp">
      <Filter>Source Files</Filter>
    </ClCompile>
    <ClCompile Include="Titlingf.cpp">
      <Filter>Source Files</Filter>
    </ClCompile>
    <ClCompile Include="Userdef.cpp">
      <Filter>Source Files</Filter>
    </ClCompile>
    <ClCompile Include="Genethon.cpp">
      <Filter>Source Files</Filter>
    </ClCompile>
    <ClCompile Include="genetdoc.cpp">
      <Filter>Source Files</Filter>
    </ClCompile>
    <ClCompile Include="Seqdialo.cpp">
      <Filter>Source Files</Filter>
    </ClCompile>
  </ItemGroup>
  <ItemGroup>
    <None Include="GENETHON.DEF">
      <Filter>Source Files</Filter>
    </None>
    <None Include="res\GeneThon.rc2">
      <Filter>Resource Files</Filter>
    </None>
  </ItemGroup>
  <ItemGroup>
    <ClInclude Include="aligndlg.h">
      <Filter>Header Files</Filter>
    </ClInclude>
    <ClInclude Include="Charmap.h">
      <Filter>Header Files</Filter>
    </ClInclude>
    <ClInclude Include="Chemprop.h">
      <Filter>Header Files</Filter>
    </ClInclude>
    <ClInclude Include="Colorbar.h">
      <Filter>Header Files</Filter>
    </ClInclude>
    <ClInclude Include="Confiden.h">
      <Filter>Header Files</Filter>
    </ClInclude>
    <ClInclude Include="Cscored.h">
      <Filter>Header Files</Filter>
    </ClInclude>
    <ClInclude Include="Cstcpdlg.h">
      <Filter>Header Files</Filter>
    </ClInclude>
    <ClInclude Include="Dispgnm.h">
      <Filter>Header Files</Filter>
    </ClInclude>
    <ClInclude Include="Displayp.h">
      <Filter>Header Files</Filter>
    </ClInclude>
    <ClInclude Include="Dispvars.h">
      <Filter>Header Files</Filter>
    </ClInclude>
    <ClInclude Include="Dnatrans.h">
      <Filter>Header Files</Filter>
    </ClInclude>
    <ClInclude Include="Drawstc.h">
      <Filter>Header Files</Filter>
    </ClInclude>
    <ClInclude Include="Dstatchi.h">
      <Filter>Header Files</Filter>
    </ClInclude>
    <ClInclude Include="Dstatob.h">
      <Filter>Header Files</Filter>
    </ClInclude>
    <ClInclude Include="Dwordmap.h">
      <Filter>Header Files</Filter>
    </ClInclude>
    <ClInclude Include="Exportdl.h">
      <Filter>Header Files</Filter>
    </ClInclude>
    <ClInclude Include="Finddlg.h">
      <Filter>Header Files</Filter>
    </ClInclude>
    <ClInclude Include="Findrepl.h">
      <Filter>Header Files</Filter>
    </ClInclude>
    <ClInclude Include="Genbank.h">
      <Filter>Header Files</Filter>
    </ClInclude>
    <ClInclude Include="Genechi.h">
      <Filter>Header Files</Filter>
    </ClInclude>
    <ClInclude Include="Genestor.h">
      <Filter>Header Files</Filter>
    </ClInclude>
    <ClInclude Include="Gprowvw.h">
      <Filter>Header Files</Filter>
    </ClInclude>
    <ClInclude Include="Gpsumvw.h">
      <Filter>Header Files</Filter>
    </ClInclude>
    <ClInclude Include="Graphstp.h">
      <Filter>Header Files</Filter>
    </ClInclude>
    <ClInclude Include="Groupsel.h">
      <Filter>Header Files</Filter>
    </ClInclude>
    <ClInclude Include="Grpprop.h">
      <Filter>Header Files</Filter>
    </ClInclude>
    <ClInclude Include="Grppsht.h">
      <Filter>Header Files</Filter>
    </ClInclude>
    <ClInclude Include="Gsbase.h">
      <Filter>Header Files</Filter>
    </ClInclude>
    <ClInclude Include="Gsegment.h">
      <Filter>Header Files</Filter>
    </ClInclude>
    <ClInclude Include="Gsfiller.h">
      <Filter>Header Files</Filter>
    </ClInclude>
    <ClInclude Include="Gstring.h">
      <Filter>Header Files</Filter>
    </ClInclude>
    <ClInclude Include="Gvbase.h">
      <Filter>Header Files</Filter>
    </ClInclude>
    <ClInclude Include="Gvedit.h">
      <Filter>Header Files</Filter>
    </ClInclude>
    <ClInclude Include="Gvefill.h">
      <Filter>Header Files</Filter>
    </ClInclude>
    <ClInclude Include="Gvelead.h">
      <Filter>Header Files</Filter>
    </ClInclude>
    <ClInclude Include="Gvetail.h">
      <Filter>Header Files</Filter>
    </ClInclude>
    <ClInclude Include="Gvsum.h">
      <Filter>Header Files</Filter>
    </ClInclude>
    <ClInclude Include="Htmlfile.h">
      <Filter>Header Files</Filter>
    </ClInclude>
    <ClInclude Include="Htmlpicd.h">
      <Filter>Header Files</Filter>
    </ClInclude>
    <ClInclude Include="Importty.h">
      <Filter>Header Files</Filter>
    </ClInclude>
    <ClInclude Include="Logdlg.h">
      <Filter>Header Files</Filter>
    </ClInclude>
    <ClInclude Include="Logodds.h">
      <Filter>Header Files</Filter>
    </ClInclude>
    <ClInclude Include="Mainfrm.h">
      <Filter>Header Files</Filter>
    </ClInclude>
    <ClInclude Include="Motseqdl.h">
      <Filter>Header Files</Filter>
    </ClInclude>
    <ClInclude Include="Mycaret.h">
      <Filter>Header Files</Filter>
    </ClInclude>
    <ClInclude Include="pdbdialo.h">
      <Filter>Header Files</Filter>
    </ClInclude>
    <ClInclude Include="Pictfile.h">
      <Filter>Header Files</Filter>
    </ClInclude>
    <ClInclude Include="Plex.h">
      <Filter>Header Files</Filter>
    </ClInclude>
    <ClInclude Include="Prints.h">
      <Filter>Header Files</Filter>
    </ClInclude>
    <ClInclude Include="Proped.h">
      <Filter>Header Files</Filter>
    </ClInclude>
    <ClInclude Include="Property.h">
      <Filter>Header Files</Filter>
    </ClInclude>
    <ClInclude Include="Propgp.h">
      <Filter>Header Files</Filter>
    </ClInclude>
    <ClInclude Include="Propsht.h">
      <Filter>Header Files</Filter>
    </ClInclude>
    <ClInclude Include="Pwalign.h">
      <Filter>Header Files</Filter>
    </ClInclude>
    <ClInclude Include="Refiltdl.h">
      <Filter>Header Files</Filter>
    </ClInclude>
    <ClInclude Include="repdlg.h">
      <Filter>Header Files</Filter>
    </ClInclude>
    <ClInclude Include="resource.h">
      <Filter>Header Files</Filter>
    </ClInclude>
    <ClInclude Include="Rtffile.h">
      <Filter>Header Files</Filter>
    </ClInclude>
    <ClInclude Include="Scorecan.h">
      <Filter>Header Files</Filter>
    </ClInclude>
    <ClInclude Include="Scorets.h">
      <Filter>Header Files</Filter>
    </ClInclude>
    <ClInclude Include="Searchdl.h">
      <Filter>Header Files</Filter>
    </ClInclude>
    <ClInclude Include="Segnames.h">
      <Filter>Header Files</Filter>
    </ClInclude>
    <ClInclude Include="Selarrse.h">
      <Filter>Header Files</Filter>
    </ClInclude>
    <ClInclude Include="Selproje.h">
      <Filter>Header Files</Filter>
    </ClInclude>
    <ClInclude Include="Seqdetdi.h">
      <Filter>Header Files</Filter>
    </ClInclude>
    <ClInclude Include="Seqinp.h">
      <Filter>Header Files</Filter>
    </ClInclude>
    <ClInclude Include="Seqseldl.h">
      <Filter>Header Files</Filter>
    </ClInclude>
    <ClInclude Include="Shadecp.h">
      <Filter>Header Files</Filter>
    </ClInclude>
    <ClInclude Include="Shadeedi.h">
      <Filter>Header Files</Filter>
    </ClInclude>
    <ClInclude Include="Shadegp.h">
      <Filter>Header Files</Filter>
    </ClInclude>
    <ClInclude Include="Shademp.h">
      <Filter>Header Files</Filter>
    </ClInclude>
    <ClInclude Include="Shadeps.h">
      <Filter>Header Files</Filter>
    </ClInclude>
    <ClInclude Include="Showtabl.h">
      <Filter>Header Files</Filter>
    </ClInclude>
    <ClInclude Include="Srchdlg.h">
      <Filter>Header Files</Filter>
    </ClInclude>
    <ClInclude Include="Srchrepd.h">
      <Filter>Header Files</Filter>
    </ClInclude>
    <ClInclude Include="Stc.h">
      <Filter>Header Files</Filter>
    </ClInclude>
    <ClInclude Include="Stccmapi.h">
      <Filter>Header Files</Filter>
    </ClInclude>
    <ClInclude Include="Stcdatad.h">
      <Filter>Header Files</Filter>
    </ClInclude>
    <ClInclude Include="Stcgrp.h">
      <Filter>Header Files</Filter>
    </ClInclude>
    <ClInclude Include="Stdafx.h">
      <Filter>Header Files</Filter>
    </ClInclude>
    <ClInclude Include="Sumcaret.h">
      <Filter>Header Files</Filter>
    </ClInclude>
    <ClInclude Include="Sumview.h">
      <Filter>Header Files</Filter>
    </ClInclude>
    <ClInclude Include="Sviewret.h">
      <Filter>Header Files</Filter>
    </ClInclude>
    <ClInclude Include="Textview.h">
      <Filter>Header Files</Filter>
    </ClInclude>
    <ClInclude Include="Titlingf.h">
      <Filter>Header Files</Filter>
    </ClInclude>
    <ClInclude Include="Usermess.h">
      <Filter>Header Files</Filter>
    </ClInclude>
    <ClInclude Include="Uservars.h">
      <Filter>Header Files</Filter>
    </ClInclude>
    <ClInclude Include="GeneThon.h">
      <Filter>Header Files</Filter>
    </ClInclude>
    <ClInclude Include="genetdoc.h">
      <Filter>Header Files</Filter>
    </ClInclude>
    <ClInclude Include="Genetvw.h">
      <Filter>Header Files</Filter>
    </ClInclude>
    <ClInclude Include="seqdialo.h">
      <Filter>Header Files</Filter>
    </ClInclude>
  </ItemGroup>
  <ItemGroup>
    <ResourceCompile Include="GeneThon.rc">
      <Filter>Resource Files</Filter>
    </ResourceCompile>
  </ItemGroup>
</Project>